
Microsoft Visual Studio Solution File, Format Version 12.00
# Visual Studio Version 16
VisualStudioVersion = 16.0.31321.278
MinimumVisualStudioVersion = 10.0.40219.1
Project("{8BC9CEB8-8B4A-11D0-8D11-00A0C91BC942}") = "Первая лабка 2", "Первая лабка 2.vcxproj", "{73B6BCF9-59BB-43A1-B1A9-0D03DE5B73F9}"
EndProject
Global
	GlobalSection(SolutionConfigurationPlatforms) = preSolution
		Debug|x64 = Debug|x64
		Debug|x86 = Debug|x86
		Release|x64 = Release|x64
		Release|x86 = Release|x86
	EndGlobalSection
	GlobalSection(ProjectConfigurationPlatforms) = postSolution
		{73B6BCF9-59BB-43A1-B1A9-0D03DE5B73F9}.Debug|x64.ActiveCfg = Debug|x64
		{73B6BCF9-59BB-43A1-B1A9-0D03DE5B73F9}.Debug|x64.Build.0 = Debug|x64
		{73B6BCF9-59BB-43A1-B1A9-0D03DE5B73F9}.Debug|x86.ActiveCfg = Debug|Win32
		{73B6BCF9-59BB-43A1-B1A9-0D03DE5B73F9}.Debug|x86.Build.0 = Debug|Win32
		{73B6BCF9-59BB-43A1-B1A9-0D03DE5B73F9}.Release|x64.ActiveCfg = Release|x64
		{73B6BCF9-59BB-43A1-B1A9-0D03DE5B73F9}.Release|x64.Build.0 = Release|x64
		{73B6BCF9-59BB-43A1-B1A9-0D03DE5B73F9}.Release|x86.ActiveCfg = Release|Win32
		{73B6BCF9-59BB-43A1-B1A9-0D03DE5B73F9}.Release|x86.Build.0 = Release|Win32
	EndGlobalSection
	GlobalSection(SolutionProperties) = preSolution
		HideSolutionNode = FALSE
	EndGlobalSection
	GlobalSection(ExtensibilityGlobals) = postSolution
		SolutionGuid = {F05EDB38-4FE8-479C-95E8-5C0382676439}
	EndGlobalSection
EndGlobal
